
Microsoft Visual Studio Solution File, Format Version 12.00
# Visual Studio 15
VisualStudioVersion = 15.0.28307.329
MinimumVisualStudioVersion = 10.0.40219.1
Project("{FAE04EC0-301F-11D3-BF4B-00C04F79EFBC}") = "CineMasters", "CineMasters\CineMasters.csproj", "{0C8AFAD8-0DA0-4469-B37B-D3A963576B48}"
EndProject
Global
	GlobalSection(SolutionConfigurationPlatforms) = preSolution
		Debug|Any CPU = Debug|Any CPU
		Release|Any CPU = Release|Any CPU
	EndGlobalSection
	GlobalSection(ProjectConfigurationPlatforms) = postSolution
		{0C8AFAD8-0DA0-4469-B37B-D3A963576B48}.Debug|Any CPU.ActiveCfg = Debug|Any CPU
		{0C8AFAD8-0DA0-4469-B37B-D3A963576B48}.Debug|Any CPU.Build.0 = Debug|Any CPU
		{0C8AFAD8-0DA0-4469-B37B-D3A963576B48}.Release|Any CPU.ActiveCfg = Release|Any CPU
		{0C8AFAD8-0DA0-4469-B37B-D3A963576B48}.Release|Any CPU.Build.0 = Release|Any CPU
	EndGlobalSection
	GlobalSection(SolutionProperties) = preSolution
		HideSolutionNode = FALSE
	EndGlobalSection
	GlobalSection(ExtensibilityGlobals) = postSolution
		SolutionGuid = {D472B779-296F-4F29-BC97-A8D2CF518811}
	EndGlobalSection
EndGlobal
